<?xml version="1.0" encoding="UTF-8" standalone="yes" ?>
<CodeBlocks_project_file>
	<FileVersion major="1" minor="6" />
	<Project>
		<Option title="camb" />
		<Option makefile_is_custom="1" />
		<Option pch_mode="2" />
		<Option compiler="gfortran" />
		<Option virtualFolders="makefile/;" />
		<Build>
			<Target title="Debug">
				<Option output="camb" prefix_auto="1" extension_auto="1" />
				<Option object_output="Debug/" />
				<Option type="1" />
				<Option compiler="gfortran" />
				<Option parameters="params.ini" />
				<Compiler>
					<Add option="-Wall" />
					<Add option="-g" />
				</Compiler>
			</Target>
			<Target title="Release">
				<Option output="camb" prefix_auto="1" extension_auto="1" />
				<Option object_output="Release/" />
				<Option type="1" />
				<Option compiler="gfortran" />
				<Option parameters="params.ini" />
				<Compiler>
					<Add option="-Wall" />
					<Add option="-O2" />
				</Compiler>
				<Linker>
					<Add option="-s" />
				</Linker>
			</Target>
		</Build>
		<Unit filename="Makefile">
			<Option virtualFolder="makefile/" />
		</Unit>
		<Unit filename="Makefile_main">
			<Option virtualFolder="makefile/" />
		</Unit>
		<Unit filename="bessels.f90">
			<Option weight="3" />
		</Unit>
		<Unit filename="camb.f90">
			<Option weight="6" />
		</Unit>
		<Unit filename="cmbmain.f90">
			<Option weight="5" />
		</Unit>
		<Unit filename="constants.f90">
			<Option weight="0" />
		</Unit>
		<Unit filename="equations.f90">
			<Option weight="3" />
		</Unit>
		<Unit filename="halofit_ppf.f90">
			<Option weight="4" />
		</Unit>
		<Unit filename="inidriver.F90" />
		<Unit filename="inifile.f90">
			<Option weight="0" />
		</Unit>
		<Unit filename="lensing.f90">
			<Option weight="3" />
		</Unit>
		<Unit filename="modules.f90">
			<Option weight="2" />
		</Unit>
		<Unit filename="power_tilt.f90">
			<Option weight="1" />
		</Unit>
		<Unit filename="recfast.f90">
			<Option weight="1" />
		</Unit>
		<Unit filename="reionization.f90">
			<Option weight="1" />
		</Unit>
		<Unit filename="subroutines.f90">
			<Option weight="1" />
		</Unit>
		<Extensions>
			<envvars />
			<code_completion />
			<debugger />
			<lib_finder disable_auto="1" />
		</Extensions>
	</Project>
</CodeBlocks_project_file>
